// !$*UTF8*$!
{
	archiveVersion = 1;
	classes = {
	};
	objectVersion = 48;
	objects = {

/* Begin PBXBuildFile section */
		CDFA0B34203144DB00E14863 /* AppDelegate.swift in Sources */ = {isa = PBXBuildFile; fileRef = CDFA0B33203144DB00E14863 /* AppDelegate.swift */; };
		CDFA0B36203144DB00E14863 /* ViewController.swift in Sources */ = {isa = PBXBuildFile; fileRef = CDFA0B35203144DB00E14863 /* ViewController.swift */; };
		CDFA0B39203144DB00E14863 /* Main.storyboard in Resources */ = {isa = PBXBuildFile; fileRef = CDFA0B37203144DB00E14863 /* Main.storyboard */; };
		CDFA0B3B203144DB00E14863 /* Assets.xcassets in Resources */ = {isa = PBXBuildFile; fileRef = CDFA0B3A203144DB00E14863 /* Assets.xcassets */; };
		CDFA0B3E203144DB00E14863 /* LaunchScreen.storyboard in Resources */ = {isa = PBXBuildFile; fileRef = CDFA0B3C203144DB00E14863 /* LaunchScreen.storyboard */; };
		CDFA0B4620315B0900E14863 /* ShopCartViewController.swift in Sources */ = {isa = PBXBuildFile; fileRef = CDFA0B4520315B0900E14863 /* ShopCartViewController.swift */; };
/* End PBXBuildFile section */

/* Begin PBXFileReference section */
		CDFA0B30203144DB00E14863 /* AlertUtil.app */ = {isa = PBXFileReference; explicitFileType = wrapper.application; includeInIndex = 0; path = AlertUtil.app; sourceTree = BUILT_PRODUCTS_DIR; };
		CDFA0B33203144DB00E14863 /* AppDelegate.swift */ = {isa = PBXFileReference; lastKnownFileType = sourcecode.swift; path = AppDelegate.swift; sourceTree = "<group>"; };
		CDFA0B35203144DB00E14863 /* ViewController.swift */ = {isa = PBXFileReference; lastKnownFileType = sourcecode.swift; path = ViewController.swift; sourceTree = "<group>"; };
		CDFA0B38203144DB00E14863 /* Base */ = {isa = PBXFileReference; lastKnownFileType = file.storyboard; name = Base; path = Base.lproj/Main.storyboard; sourceTree = "<group>"; };
		CDFA0B3A203144DB00E14863 /* Assets.xcassets */ = {isa = PBXFileReference; lastKnownFileType = folder.assetcatalog; path = Assets.xcassets; sourceTree = "<group>"; };
		CDFA0B3D203144DB00E14863 /* Base */ = {isa = PBXFileReference; lastKnownFileType = file.storyboard; name = Base; path = Base.lproj/LaunchScreen.storyboard; sourceTree = "<group>"; };
		CDFA0B3F203144DB00E14863 /* Info.plist */ = {isa = PBXFileReference; lastKnownFileType = text.plist.xml; path = Info.plist; sourceTree = "<group>"; };
		CDFA0B4520315B0900E14863 /* ShopCartViewController.swift */ = {isa = PBXFileReference; lastKnownFileType = sourcecode.swift; path = ShopCartViewController.swift; sourceTree = "<group>"; };
/* End PBXFileReference section */

/* Begin PBXFrameworksBuildPhase section */
		CDFA0B2D203144DB00E14863 /* Frameworks */ = {
			isa = PBXFrameworksBuildPhase;
			buildActionMask = 2147483647;
			files = (
			);
			runOnlyForDeploymentPostprocessing = 0;
		};
/* End PBXFrameworksBuildPhase section */

/* Begin PBXGroup section */
		CDFA0B27203144DB00E14863 = {
			isa = PBXGroup;
			children = (
				CDFA0B32203144DB00E14863 /* AlertUtil */,
				CDFA0B31203144DB00E14863 /* Products */,
			);
			sourceTree = "<group>";
		};
		CDFA0B31203144DB00E14863 /* Products */ = {
			isa = PBXGroup;
			children = (
				CDFA0B30203144DB00E14863 /* AlertUtil.app */,
			);
			name = Products;
			sourceTree = "<group>";
		};
		CDFA0B32203144DB00E14863 /* AlertUtil */ = {
			isa = PBXGroup;
			children = (
				CDFA0B33203144DB00E14863 /* AppDelegate.swift */,
				CDFA0B35203144DB00E14863 /* ViewController.swift */,
				CDFA0B4520315B0900E14863 /* ShopCartViewController.swift */,
				CDFA0B37203144DB00E14863 /* Main.storyboard */,
				CDFA0B3A203144DB00E14863 /* Assets.xcassets */,
				CDFA0B3C203144DB00E14863 /* LaunchScreen.storyboard */,
				CDFA0B3F203144DB00E14863 /* Info.plist */,
			);
			path = AlertUtil;
			sourceTree = "<group>";
		};
/* End PBXGroup section */

/* Begin PBXNativeTarget section */
		CDFA0B2F203144DB00E14863 /* AlertUtil */ = {
			isa = PBXNativeTarget;
			buildConfigurationList = CDFA0B42203144DB00E14863 /* Build configuration list for PBXNativeTarget "AlertUtil" */;
			buildPhases = (
				CDFA0B2C203144DB00E14863 /* Sources */,
				CDFA0B2D203144DB00E14863 /* Frameworks */,
				CDFA0B2E203144DB00E14863 /* Resources */,
			);
			buildRules = (
			);
			dependencies = (
			);
			name = AlertUtil;
			productName = AlertUtil;
			productReference = CDFA0B30203144DB00E14863 /* AlertUtil.app */;
			productType = "com.apple.product-type.application";
		};
/* End PBXNativeTarget section */

/* Begin PBXProject section */
		CDFA0B28203144DB00E14863 /* Project object */ = {
			isa = PBXProject;
			attributes = {
				LastSwiftUpdateCheck = 0910;
				LastUpgradeCheck = 0910;
				ORGANIZATIONNAME = liyang;
				TargetAttributes = {
					CDFA0B2F203144DB00E14863 = {
						CreatedOnToolsVersion = 9.1;
						ProvisioningStyle = Automatic;
					};
				};
			};
			buildConfigurationList = CDFA0B2B203144DB00E14863 /* Build configuration list for PBXProject "AlertUtil" */;
			compatibilityVersion = "Xcode 8.0";
			developmentRegion = en;
			hasScannedForEncodings = 0;
			knownRegions = (
				en,
				Base,
			);
			mainGroup = CDFA0B27203144DB00E14863;
			productRefGroup = CDFA0B31203144DB00E14863 /* Products */;
			projectDirPath = "";
			projectRoot = "";
			targets = (
				CDFA0B2F203144DB00E14863 /* AlertUtil */,
			);
		};
/* End PBXProject section */

/* Begin PBXResourcesBuildPhase section */
		CDFA0B2E203144DB00E14863 /* Resources */ = {
			isa = PBXResourcesBuildPhase;
			buildActionMask = 2147483647;
			files = (
				CDFA0B3E203144DB00E14863 /* LaunchScreen.storyboard in Resources */,
				CDFA0B3B203144DB00E14863 /* Assets.xcassets in Resources */,
				CDFA0B39203144DB00E14863 /* Main.storyboard in Resources */,
			);
			runOnlyForDeploymentPostprocessing = 0;
		};
/* End PBXResourcesBuildPhase section */

/* Begin PBXSourcesBuildPhase section */
		CDFA0B2C203144DB00E14863 /* Sources */ = {
			isa = PBXSourcesBuildPhase;
			buildActionMask = 2147483647;
			files = (
				CDFA0B4620315B0900E14863 /* ShopCartViewController.swift in Sources */,
				CDFA0B36203144DB00E14863 /* ViewController.swift in Sources */,
				CDFA0B34203144DB00E14863 /* AppDelegate.swift in Sources */,
			);
			runOnlyForDeploymentPostprocessing = 0;
		};
/* End PBXSourcesBuildPhase section */

/* Begin PBXVariantGroup section */
		CDFA0B37203144DB00E14863 /* Main.storyboard */ = {
			isa = PBXVariantGroup;
			children = (
				CDFA0B38203144DB00E14863 /* Base */,
			);
			name = Main.storyboard;
			sourceTree = "<group>";
		};
		CDFA0B3C203144DB00E14863 /* LaunchScreen.storyboard */ = {
			isa = PBXVariantGroup;
			children = (
				CDFA0B3D203144DB00E14863 /* Base */,
			);
			name = LaunchScreen.storyboard;
			sourceTree = "<group>";
		};
/* End PBXVariantGroup section */

/* Begin XCBuildConfiguration section */
		CDFA0B40203144DB00E14863 /* Debug */ = {
			isa = XCBuildConfiguration;
			buildSettings = {
				ALWAYS_SEARCH_USER_PATHS = NO;
				CLANG_ANALYZER_NONNULL = YES;
				CLANG_ANALYZER_NUMBER_OBJECT_CONVERSION = YES_AGGRESSIVE;
				CLANG_CXX_LANGUAGE_STANDARD = "gnu++14";
				CLANG_CXX_LIBRARY = "libc++";
				CLANG_ENABLE_MODULES = YES;
				CLANG_ENABLE_OBJC_ARC = YES;
				CLANG_WARN_BLOCK_CAPTURE_AUTORELEASING = YES;
				CLANG_WARN_BOOL_CONVERSION = YES;
				CLANG_WARN_COMMA = YES;
				CLANG_WARN_CONSTANT_CONVERSION = YES;
				CLANG_WARN_DIRECT_OBJC_ISA_USAGE = YES_ERROR;
				CLANG_WARN_DOCUMENTATION_COMMENTS = YES;
				CLANG_WARN_EMPTY_BODY = YES;
				CLANG_WARN_ENUM_CONVERSION = YES;
				CLANG_WARN_INFINITE_RECURSION = YES;
				CLANG_WARN_INT_CONVERSION = YES;
				CLANG_WARN_NON_LITERAL_NULL_CONVERSION = YES;
				CLANG_WARN_OBJC_LITERAL_CONVERSION = YES;
				CLANG_WARN_OBJC_ROOT_CLASS = YES_ERROR;
				CLANG_WARN_RANGE_LOOP_ANALYSIS = YES;
				CLANG_WARN_STRICT_PROTOTYPES = YES;
				CLANG_WARN_SUSPICIOUS_MOVE = YES;
				CLANG_WARN_UNGUARDED_AVAILABILITY = YES_AGGRESSIVE;
				CLANG_WARN_UNREACHABLE_CODE = YES;
				CLANG_WARN__DUPLICATE_METHOD_MATCH = YES;
				CODE_SIGN_IDENTITY = "iPhone Developer";
				COPY_PHASE_STRIP = NO;
				DEBUG_INFORMATION_FORMAT = dwarf;
				ENABLE_STRICT_OBJC_MSGSEND = YES;
				ENABLE_TESTABILITY = YES;
				GCC_C_LANGUAGE_STANDARD = gnu11;
				GCC_DYNAMIC_NO_PIC = NO;
				GCC_NO_COMMON_BLOCKS = YES;
				GCC_OPTIMIZATION_LEVEL = 0;
				GCC_PREPROCESSOR_DEFINITIONS = (
					"DEBUG=1",
					"$(inherited)",
				);
				GCC_WARN_64_TO_32_BIT_CONVERSION = YES;
				GCC_WARN_ABOUT_RETURN_TYPE = YES_ERROR;
				GCC_WARN_UNDECLARED_SELECTOR = YES;
				GCC_WARN_UNINITIALIZED_AUTOS = YES_AGGRESSIVE;
				GCC_WARN_UNUSED_FUNCTION = YES;
				GCC_WARN_UNUSED_VARIABLE = YES;
				IPHONEOS_DEPLOYMENT_TARGET = 11.1;
				MTL_ENABLE_DEBUG_INFO = YES;
				ONLY_ACTIVE_ARCH = YES;
				SDKROOT = iphoneos;
				SWIFT_ACTIVE_COMPILATION_CONDITIONS = DEBUG;
				SWIFT_OPTIMIZATION_LEVEL = "-Onone";
			};
			name = Debug;
		};
		CDFA0B41203144DB00E14863 /* Release */ = {
			isa = XCBuildConfiguration;
			buildSettings = {
				ALWAYS_SEARCH_USER_PATHS = NO;
				CLANG_ANALYZER_NONNULL = YES;
				CLANG_ANALYZER_NUMBER_OBJECT_CONVERSION = YES_AGGRESSIVE;
				CLANG_CXX_LANGUAGE_STANDARD = "gnu++14";
				CLANG_CXX_LIBRARY = "libc++";
				CLANG_ENABLE_MODULES = YES;
				CLANG_ENABLE_OBJC_ARC = YES;
				CLANG_WARN_BLOCK_CAPTURE_AUTORELEASING = YES;
				CLANG_WARN_BOOL_CONVERSION = YES;
				CLANG_WARN_COMMA = YES;
				CLANG_WARN_CONSTANT_CONVERSION = YES;
				CLANG_WARN_DIRECT_OBJC_ISA_USAGE = YES_ERROR;
				CLANG_WARN_DOCUMENTATION_COMMENTS = YES;
				CLANG_WARN_EMPTY_BODY = YES;
				CLANG_WARN_ENUM_CONVERSION = YES;
				CLANG_WARN_INFINITE_RECURSION = YES;
				CLANG_WARN_INT_CONVERSION = YES;
				CLANG_WARN_NON_LITERAL_NULL_CONVERSION = YES;
				CLANG_WARN_OBJC_LITERAL_CONVERSION = YES;
				CLANG_WARN_OBJC_ROOT_CLASS = YES_ERROR;
				CLANG_WARN_RANGE_LOOP_ANALYSIS = YES;
				CLANG_WARN_STRICT_PROTOTYPES = YES;
				CLANG_WARN_SUSPICIOUS_MOVE = YES;
				CLANG_WARN_UNGUARDED_AVAILABILITY = YES_AGGRESSIVE;
				CLANG_WARN_UNREACHABLE_CODE = YES;
				CLANG_WARN__DUPLICATE_METHOD_MATCH = YES;
				CODE_SIGN_IDENTITY = "iPhone Developer";
				COPY_PHASE_STRIP = NO;
				DEBUG_INFORMATION_FORMAT = "dwarf-with-dsym";
				ENABLE_NS_ASSERTIONS = NO;
				ENABLE_STRICT_OBJC_MSGSEND = YES;
				GCC_C_LANGUAGE_STANDARD = gnu11;
				GCC_NO_COMMON_BLOCKS = YES;
				GCC_WARN_64_TO_32_BIT_CONVERSION = YES;
				GCC_WARN_ABOUT_RETURN_TYPE = YES_ERROR;
				GCC_WARN_UNDECLARED_SELECTOR = YES;
				GCC_WARN_UNINITIALIZED_AUTOS = YES_AGGRESSIVE;
				GCC_WARN_UNUSED_FUNCTION = YES;
				GCC_WARN_UNUSED_VARIABLE = YES;
				IPHONEOS_DEPLOYMENT_TARGET = 11.1;
				MTL_ENABLE_DEBUG_INFO = NO;
				SDKROOT = iphoneos;
				SWIFT_OPTIMIZATION_LEVEL = "-Owholemodule";
				VALIDATE_PRODUCT = YES;
			};
			name = Release;
		};
		CDFA0B43203144DB00E14863 /* Debug */ = {
			isa = XCBuildConfiguration;
			buildSettings = {
				ASSETCATALOG_COMPILER_APPICON_NAME = AppIcon;
				CODE_SIGN_STYLE = Automatic;
				DEVELOPMENT_TEAM = 5XNSC4DXA7;
				INFOPLIST_FILE = AlertUtil/Info.plist;
				LD_RUNPATH_SEARCH_PATHS = "$(inherited) @executable_path/Frameworks";
				PRODUCT_BUNDLE_IDENTIFIER = com.Young.Rex.AlertUtil;
				PRODUCT_NAME = "$(TARGET_NAME)";
				SWIFT_VERSION = 4.0;
				TARGETED_DEVICE_FAMILY = "1,2";
			};
			name = Debug;
		};
		CDFA0B44203144DB00E14863 /* Release */ = {
			isa = XCBuildConfiguration;
			buildSettings = {
				ASSETCATALOG_COMPILER_APPICON_NAME = AppIcon;
				CODE_SIGN_STYLE = Automatic;
				DEVELOPMENT_TEAM = 5XNSC4DXA7;
				INFOPLIST_FILE = AlertUtil/Info.plist;
				LD_RUNPATH_SEARCH_PATHS = "$(inherited) @executable_path/Frameworks";
				PRODUCT_BUNDLE_IDENTIFIER = com.Young.Rex.AlertUtil;
				PRODUCT_NAME = "$(TARGET_NAME)";
				SWIFT_VERSION = 4.0;
				TARGETED_DEVICE_FAMILY = "1,2";
			};
			name = Release;
		};
/* End XCBuildConfiguration section */

/* Begin XCConfigurationList section */
		CDFA0B2B203144DB00E14863 /* Build configuration list for PBXProject "AlertUtil" */ = {
			isa = XCConfigurationList;
			buildConfigurations = (
				CDFA0B40203144DB00E14863 /* Debug */,
				CDFA0B41203144DB00E14863 /* Release */,
			);
			defaultConfigurationIsVisible = 0;
			defaultConfigurationName = Release;
		};
		CDFA0B42203144DB00E14863 /* Build configuration list for PBXNativeTarget "AlertUtil" */ = {
			isa = XCConfigurationList;
			buildConfigurations = (
				CDFA0B43203144DB00E14863 /* Debug */,
				CDFA0B44203144DB00E14863 /* Release */,
			);
			defaultConfigurationIsVisible = 0;
			defaultConfigurationName = Release;
		};
/* End XCConfigurationList section */
	};
	rootObject = CDFA0B28203144DB00E14863 /* Project object */;
}
